
Microsoft Visual Studio Solution File, Format Version 12.00
# Visual Studio Version 17
VisualStudioVersion = 17.4.33205.214
MinimumVisualStudioVersion = 10.0.40219.1
Project("{FAE04EC0-301F-11D3-BF4B-00C04F79EFBC}") = "DoubleSlash_Api", "DoubleSlash_Api\DoubleSlash_Api.csproj", "{327C1344-9AFD-47AD-AF86-C2376AE5297A}"
EndProject
Global
	GlobalSection(SolutionConfigurationPlatforms) = preSolution
		Debug|Any CPU = Debug|Any CPU
		Release|Any CPU = Release|Any CPU
	EndGlobalSection
	GlobalSection(ProjectConfigurationPlatforms) = postSolution
		{327C1344-9AFD-47AD-AF86-C2376AE5297A}.Debug|Any CPU.ActiveCfg = Debug|Any CPU
		{327C1344-9AFD-47AD-AF86-C2376AE5297A}.Debug|Any CPU.Build.0 = Debug|Any CPU
		{327C1344-9AFD-47AD-AF86-C2376AE5297A}.Release|Any CPU.ActiveCfg = Release|Any CPU
		{327C1344-9AFD-47AD-AF86-C2376AE5297A}.Release|Any CPU.Build.0 = Release|Any CPU
	EndGlobalSection
	GlobalSection(SolutionProperties) = preSolution
		HideSolutionNode = FALSE
	EndGlobalSection
	GlobalSection(ExtensibilityGlobals) = postSolution
		SolutionGuid = {4BB763F2-7136-4927-B534-90DF3E50370F}
	EndGlobalSection
EndGlobal
